# This file was autogenerated by Stack.
# You should not edit this file by hand.
# For more information, please see the documentation at:
#   https://docs.haskellstack.org/en/stable/lock_files

packages:
- completed:
    hackage: maybe-justify-0.1.0.0@sha256:9fbb639e3924a5c72bf813caece89c1529039fab3431fa28731dae96b52aaa07,2316
    pantry-tree:
      size: 324
      sha256: 707963950bb9ce7c4ae5b972ca11ba2b809419b53341230af602437de7323523
  original:
    hackage: maybe-justify-0.1.0.0@sha256:9fbb639e3924a5c72bf813caece89c1529039fab3431fa28731dae96b52aaa07,2316
- completed:
    hackage: mr-env-0.1.0.4@sha256:56439c7df09a83b72b170f104723293643ad2635df03cdcd174a05d0d73e788d,1055
    pantry-tree:
      size: 376
      sha256: da91d4e0f5aff5336e3e73ecb1d44fe595dd47bc572335956ba30d937d14573d
  original:
    hackage: mr-env-0.1.0.4
snapshots:
- completed:
    size: 563099
    url: https://raw.githubusercontent.com/commercialhaskell/stackage-snapshots/master/lts/17/3.yaml
    sha256: 1e9f31ec160a144f796bc49b91dfc2bab5eca88b1dcc93da569108febaf5b382
  original:
    url: https://raw.githubusercontent.com/commercialhaskell/stackage-snapshots/master/lts/17/3.yaml
